
Microsoft Visual Studio Solution File, Format Version 12.00
# Visual Studio Version 17
VisualStudioVersion = 17.14.36310.24 d17.14
MinimumVisualStudioVersion = 10.0.40219.1
Project("{FAE04EC0-301F-11D3-BF4B-00C04F79EFBC}") = "Api", "Api\Api.csproj", "{EFE73538-36C7-4995-9368-1CBCDBEB84C5}"
EndProject
Global
	GlobalSection(SolutionConfigurationPlatforms) = preSolution
		Debug|Any CPU = Debug|Any CPU
		Release|Any CPU = Release|Any CPU
	EndGlobalSection
	GlobalSection(ProjectConfigurationPlatforms) = postSolution
		{EFE73538-36C7-4995-9368-1CBCDBEB84C5}.Debug|Any CPU.ActiveCfg = Debug|Any CPU
		{EFE73538-36C7-4995-9368-1CBCDBEB84C5}.Debug|Any CPU.Build.0 = Debug|Any CPU
		{EFE73538-36C7-4995-9368-1CBCDBEB84C5}.Release|Any CPU.ActiveCfg = Release|Any CPU
		{EFE73538-36C7-4995-9368-1CBCDBEB84C5}.Release|Any CPU.Build.0 = Release|Any CPU
	EndGlobalSection
	GlobalSection(SolutionProperties) = preSolution
		HideSolutionNode = FALSE
	EndGlobalSection
	GlobalSection(ExtensibilityGlobals) = postSolution
		SolutionGuid = {F435120C-054F-4880-B937-84B2EBEBB040}
	EndGlobalSection
EndGlobal
